// !$*UTF8*$!
{
	archiveVersion = 1;
	classes = {
	};
	objectVersion = 46;
	objects = {

/* Begin PBXBuildFile section */
		66C9280F19A830C000C744D2 /* Foundation.framework in Frameworks */ = {isa = PBXBuildFile; fileRef = 66C9280E19A830C000C744D2 /* Foundation.framework */; };
		66C9281119A830C000C744D2 /* CoreGraphics.framework in Frameworks */ = {isa = PBXBuildFile; fileRef = 66C9281019A830C000C744D2 /* CoreGraphics.framework */; };
		66C9281319A830C000C744D2 /* UIKit.framework in Frameworks */ = {isa = PBXBuildFile; fileRef = 66C9281219A830C000C744D2 /* UIKit.framework */; };
		66C9281919A830C000C744D2 /* InfoPlist.strings in Resources */ = {isa = PBXBuildFile; fileRef = 66C9281719A830C000C744D2 /* InfoPlist.strings */; };
		66C9281B19A830C000C744D2 /* main.m in Sources */ = {isa = PBXBuildFile; fileRef = 66C9281A19A830C000C744D2 /* main.m */; };
		66C9281F19A830C000C744D2 /* WVAppDelegate.m in Sources */ = {isa = PBXBuildFile; fileRef = 66C9281E19A830C000C744D2 /* WVAppDelegate.m */; };
		66C9282119A830C000C744D2 /* Images.xcassets in Resources */ = {isa = PBXBuildFile; fileRef = 66C9282019A830C000C744D2 /* Images.xcassets */; };
		66C9283F19A8312B00C744D2 /* WVViewController.m in Sources */ = {isa = PBXBuildFile; fileRef = 66C9283E19A8312B00C744D2 /* WVViewController.m */; };
		66C9284219A83B5600C744D2 /* WVWebViewController.m in Sources */ = {isa = PBXBuildFile; fileRef = 66C9284119A83B5600C744D2 /* WVWebViewController.m */; };
		66C9284519A9111300C744D2 /* WVNavigationController.m in Sources */ = {isa = PBXBuildFile; fileRef = 66C9284419A9111300C744D2 /* WVNavigationController.m */; };
/* End PBXBuildFile section */

/* Begin PBXFileReference section */
		66C9280B19A830C000C744D2 /* WebViewTest.app */ = {isa = PBXFileReference; explicitFileType = wrapper.application; includeInIndex = 0; path = WebViewTest.app; sourceTree = BUILT_PRODUCTS_DIR; };
		66C9280E19A830C000C744D2 /* Foundation.framework */ = {isa = PBXFileReference; lastKnownFileType = wrapper.framework; name = Foundation.framework; path = System/Library/Frameworks/Foundation.framework; sourceTree = SDKROOT; };
		66C9281019A830C000C744D2 /* CoreGraphics.framework */ = {isa = PBXFileReference; lastKnownFileType = wrapper.framework; name = CoreGraphics.framework; path = System/Library/Frameworks/CoreGraphics.framework; sourceTree = SDKROOT; };
		66C9281219A830C000C744D2 /* UIKit.framework */ = {isa = PBXFileReference; lastKnownFileType = wrapper.framework; name = UIKit.framework; path = System/Library/Frameworks/UIKit.framework; sourceTree = SDKROOT; };
		66C9281619A830C000C744D2 /* WebViewTest-Info.plist */ = {isa = PBXFileReference; lastKnownFileType = text.plist.xml; path = "WebViewTest-Info.plist"; sourceTree = "<group>"; };
		66C9281819A830C000C744D2 /* en */ = {isa = PBXFileReference; lastKnownFileType = text.plist.strings; name = en; path = en.lproj/InfoPlist.strings; sourceTree = "<group>"; };
		66C9281A19A830C000C744D2 /* main.m */ = {isa = PBXFileReference; lastKnownFileType = sourcecode.c.objc; path = main.m; sourceTree = "<group>"; };
		66C9281C19A830C000C744D2 /* WebViewTest-Prefix.pch */ = {isa = PBXFileReference; lastKnownFileType = sourcecode.c.h; path = "WebViewTest-Prefix.pch"; sourceTree = "<group>"; };
		66C9281D19A830C000C744D2 /* WVAppDelegate.h */ = {isa = PBXFileReference; lastKnownFileType = sourcecode.c.h; path = WVAppDelegate.h; sourceTree = "<group>"; };
		66C9281E19A830C000C744D2 /* WVAppDelegate.m */ = {isa = PBXFileReference; lastKnownFileType = sourcecode.c.objc; path = WVAppDelegate.m; sourceTree = "<group>"; };
		66C9282019A830C000C744D2 /* Images.xcassets */ = {isa = PBXFileReference; lastKnownFileType = folder.assetcatalog; path = Images.xcassets; sourceTree = "<group>"; };
		66C9282719A830C100C744D2 /* XCTest.framework */ = {isa = PBXFileReference; lastKnownFileType = wrapper.framework; name = XCTest.framework; path = Library/Frameworks/XCTest.framework; sourceTree = DEVELOPER_DIR; };
		66C9283D19A8312B00C744D2 /* WVViewController.h */ = {isa = PBXFileReference; fileEncoding = 4; lastKnownFileType = sourcecode.c.h; path = WVViewController.h; sourceTree = "<group>"; };
		66C9283E19A8312B00C744D2 /* WVViewController.m */ = {isa = PBXFileReference; fileEncoding = 4; lastKnownFileType = sourcecode.c.objc; path = WVViewController.m; sourceTree = "<group>"; };
		66C9284019A83B5600C744D2 /* WVWebViewController.h */ = {isa = PBXFileReference; fileEncoding = 4; lastKnownFileType = sourcecode.c.h; path = WVWebViewController.h; sourceTree = "<group>"; };
		66C9284119A83B5600C744D2 /* WVWebViewController.m */ = {isa = PBXFileReference; fileEncoding = 4; lastKnownFileType = sourcecode.c.objc; path = WVWebViewController.m; sourceTree = "<group>"; };
		66C9284319A9111300C744D2 /* WVNavigationController.h */ = {isa = PBXFileReference; fileEncoding = 4; lastKnownFileType = sourcecode.c.h; path = WVNavigationController.h; sourceTree = "<group>"; };
		66C9284419A9111300C744D2 /* WVNavigationController.m */ = {isa = PBXFileReference; fileEncoding = 4; lastKnownFileType = sourcecode.c.objc; path = WVNavigationController.m; sourceTree = "<group>"; };
/* End PBXFileReference section */

/* Begin PBXFrameworksBuildPhase section */
		66C9280819A830C000C744D2 /* Frameworks */ = {
			isa = PBXFrameworksBuildPhase;
			buildActionMask = 2147483647;
			files = (
				66C9281119A830C000C744D2 /* CoreGraphics.framework in Frameworks */,
				66C9281319A830C000C744D2 /* UIKit.framework in Frameworks */,
				66C9280F19A830C000C744D2 /* Foundation.framework in Frameworks */,
			);
			runOnlyForDeploymentPostprocessing = 0;
		};
/* End PBXFrameworksBuildPhase section */

/* Begin PBXGroup section */
		66C9280219A830C000C744D2 = {
			isa = PBXGroup;
			children = (
				66C9281419A830C000C744D2 /* WebViewTest */,
				66C9280D19A830C000C744D2 /* Frameworks */,
				66C9280C19A830C000C744D2 /* Products */,
			);
			sourceTree = "<group>";
		};
		66C9280C19A830C000C744D2 /* Products */ = {
			isa = PBXGroup;
			children = (
				66C9280B19A830C000C744D2 /* WebViewTest.app */,
			);
			name = Products;
			sourceTree = "<group>";
		};
		66C9280D19A830C000C744D2 /* Frameworks */ = {
			isa = PBXGroup;
			children = (
				66C9280E19A830C000C744D2 /* Foundation.framework */,
				66C9281019A830C000C744D2 /* CoreGraphics.framework */,
				66C9281219A830C000C744D2 /* UIKit.framework */,
				66C9282719A830C100C744D2 /* XCTest.framework */,
			);
			name = Frameworks;
			sourceTree = "<group>";
		};
		66C9281419A830C000C744D2 /* WebViewTest */ = {
			isa = PBXGroup;
			children = (
				66C9281D19A830C000C744D2 /* WVAppDelegate.h */,
				66C9281E19A830C000C744D2 /* WVAppDelegate.m */,
				66C9284319A9111300C744D2 /* WVNavigationController.h */,
				66C9284419A9111300C744D2 /* WVNavigationController.m */,
				66C9283D19A8312B00C744D2 /* WVViewController.h */,
				66C9283E19A8312B00C744D2 /* WVViewController.m */,
				66C9284019A83B5600C744D2 /* WVWebViewController.h */,
				66C9284119A83B5600C744D2 /* WVWebViewController.m */,
				66C9282019A830C000C744D2 /* Images.xcassets */,
				66C9281519A830C000C744D2 /* Supporting Files */,
			);
			path = WebViewTest;
			sourceTree = "<group>";
		};
		66C9281519A830C000C744D2 /* Supporting Files */ = {
			isa = PBXGroup;
			children = (
				66C9281619A830C000C744D2 /* WebViewTest-Info.plist */,
				66C9281719A830C000C744D2 /* InfoPlist.strings */,
				66C9281A19A830C000C744D2 /* main.m */,
				66C9281C19A830C000C744D2 /* WebViewTest-Prefix.pch */,
			);
			name = "Supporting Files";
			sourceTree = "<group>";
		};
/* End PBXGroup section */

/* Begin PBXNativeTarget section */
		66C9280A19A830C000C744D2 /* WebViewTest */ = {
			isa = PBXNativeTarget;
			buildConfigurationList = 66C9283719A830C100C744D2 /* Build configuration list for PBXNativeTarget "WebViewTest" */;
			buildPhases = (
				66C9280719A830C000C744D2 /* Sources */,
				66C9280819A830C000C744D2 /* Frameworks */,
				66C9280919A830C000C744D2 /* Resources */,
			);
			buildRules = (
			);
			dependencies = (
			);
			name = WebViewTest;
			productName = WebViewTest;
			productReference = 66C9280B19A830C000C744D2 /* WebViewTest.app */;
			productType = "com.apple.product-type.application";
		};
/* End PBXNativeTarget section */

/* Begin PBXProject section */
		66C9280319A830C000C744D2 /* Project object */ = {
			isa = PBXProject;
			attributes = {
				CLASSPREFIX = WV;
				LastUpgradeCheck = 0510;
				ORGANIZATIONNAME = "Annika Backstrom";
			};
			buildConfigurationList = 66C9280619A830C000C744D2 /* Build configuration list for PBXProject "WebViewTest" */;
			compatibilityVersion = "Xcode 3.2";
			developmentRegion = English;
			hasScannedForEncodings = 0;
			knownRegions = (
				en,
			);
			mainGroup = 66C9280219A830C000C744D2;
			productRefGroup = 66C9280C19A830C000C744D2 /* Products */;
			projectDirPath = "";
			projectRoot = "";
			targets = (
				66C9280A19A830C000C744D2 /* WebViewTest */,
			);
		};
/* End PBXProject section */

/* Begin PBXResourcesBuildPhase section */
		66C9280919A830C000C744D2 /* Resources */ = {
			isa = PBXResourcesBuildPhase;
			buildActionMask = 2147483647;
			files = (
				66C9281919A830C000C744D2 /* InfoPlist.strings in Resources */,
				66C9282119A830C000C744D2 /* Images.xcassets in Resources */,
			);
			runOnlyForDeploymentPostprocessing = 0;
		};
/* End PBXResourcesBuildPhase section */

/* Begin PBXSourcesBuildPhase section */
		66C9280719A830C000C744D2 /* Sources */ = {
			isa = PBXSourcesBuildPhase;
			buildActionMask = 2147483647;
			files = (
				66C9281B19A830C000C744D2 /* main.m in Sources */,
				66C9281F19A830C000C744D2 /* WVAppDelegate.m in Sources */,
				66C9284219A83B5600C744D2 /* WVWebViewController.m in Sources */,
				66C9283F19A8312B00C744D2 /* WVViewController.m in Sources */,
				66C9284519A9111300C744D2 /* WVNavigationController.m in Sources */,
			);
			runOnlyForDeploymentPostprocessing = 0;
		};
/* End PBXSourcesBuildPhase section */

/* Begin PBXVariantGroup section */
		66C9281719A830C000C744D2 /* InfoPlist.strings */ = {
			isa = PBXVariantGroup;
			children = (
				66C9281819A830C000C744D2 /* en */,
			);
			name = InfoPlist.strings;
			sourceTree = "<group>";
		};
/* End PBXVariantGroup section */

/* Begin XCBuildConfiguration section */
		66C9283519A830C100C744D2 /* Debug */ = {
			isa = XCBuildConfiguration;
			buildSettings = {
				ALWAYS_SEARCH_USER_PATHS = NO;
				CLANG_CXX_LANGUAGE_STANDARD = "gnu++0x";
				CLANG_CXX_LIBRARY = "libc++";
				CLANG_ENABLE_MODULES = YES;
				CLANG_ENABLE_OBJC_ARC = YES;
				CLANG_WARN_BOOL_CONVERSION = YES;
				CLANG_WARN_CONSTANT_CONVERSION = YES;
				CLANG_WARN_DIRECT_OBJC_ISA_USAGE = YES_ERROR;
				CLANG_WARN_EMPTY_BODY = YES;
				CLANG_WARN_ENUM_CONVERSION = YES;
				CLANG_WARN_INT_CONVERSION = YES;
				CLANG_WARN_OBJC_ROOT_CLASS = YES_ERROR;
				CLANG_WARN__DUPLICATE_METHOD_MATCH = YES;
				"CODE_SIGN_IDENTITY[sdk=iphoneos*]" = "iPhone Developer";
				COPY_PHASE_STRIP = NO;
				GCC_C_LANGUAGE_STANDARD = gnu99;
				GCC_DYNAMIC_NO_PIC = NO;
				GCC_OPTIMIZATION_LEVEL = 0;
				GCC_PREPROCESSOR_DEFINITIONS = (
					"DEBUG=1",
					"$(inherited)",
				);
				GCC_SYMBOLS_PRIVATE_EXTERN = NO;
				GCC_WARN_64_TO_32_BIT_CONVERSION = YES;
				GCC_WARN_ABOUT_RETURN_TYPE = YES_ERROR;
				GCC_WARN_UNDECLARED_SELECTOR = YES;
				GCC_WARN_UNINITIALIZED_AUTOS = YES_AGGRESSIVE;
				GCC_WARN_UNUSED_FUNCTION = YES;
				GCC_WARN_UNUSED_VARIABLE = YES;
				IPHONEOS_DEPLOYMENT_TARGET = 7.1;
				ONLY_ACTIVE_ARCH = YES;
				SDKROOT = iphoneos;
			};
			name = Debug;
		};
		66C9283619A830C100C744D2 /* Release */ = {
			isa = XCBuildConfiguration;
			buildSettings = {
				ALWAYS_SEARCH_USER_PATHS = NO;
				CLANG_CXX_LANGUAGE_STANDARD = "gnu++0x";
				CLANG_CXX_LIBRARY = "libc++";
				CLANG_ENABLE_MODULES = YES;
				CLANG_ENABLE_OBJC_ARC = YES;
				CLANG_WARN_BOOL_CONVERSION = YES;
				CLANG_WARN_CONSTANT_CONVERSION = YES;
				CLANG_WARN_DIRECT_OBJC_ISA_USAGE = YES_ERROR;
				CLANG_WARN_EMPTY_BODY = YES;
				CLANG_WARN_ENUM_CONVERSION = YES;
				CLANG_WARN_INT_CONVERSION = YES;
				CLANG_WARN_OBJC_ROOT_CLASS = YES_ERROR;
				CLANG_WARN__DUPLICATE_METHOD_MATCH = YES;
				"CODE_SIGN_IDENTITY[sdk=iphoneos*]" = "iPhone Developer";
				COPY_PHASE_STRIP = YES;
				ENABLE_NS_ASSERTIONS = NO;
				GCC_C_LANGUAGE_STANDARD = gnu99;
				GCC_WARN_64_TO_32_BIT_CONVERSION = YES;
				GCC_WARN_ABOUT_RETURN_TYPE = YES_ERROR;
				GCC_WARN_UNDECLARED_SELECTOR = YES;
				GCC_WARN_UNINITIALIZED_AUTOS = YES_AGGRESSIVE;
				GCC_WARN_UNUSED_FUNCTION = YES;
				GCC_WARN_UNUSED_VARIABLE = YES;
				IPHONEOS_DEPLOYMENT_TARGET = 7.1;
				SDKROOT = iphoneos;
				VALIDATE_PRODUCT = YES;
			};
			name = Release;
		};
		66C9283819A830C100C744D2 /* Debug */ = {
			isa = XCBuildConfiguration;
			buildSettings = {
				ASSETCATALOG_COMPILER_APPICON_NAME = AppIcon;
				ASSETCATALOG_COMPILER_LAUNCHIMAGE_NAME = LaunchImage;
				GCC_PRECOMPILE_PREFIX_HEADER = YES;
				GCC_PREFIX_HEADER = "WebViewTest/WebViewTest-Prefix.pch";
				INFOPLIST_FILE = "WebViewTest/WebViewTest-Info.plist";
				PRODUCT_NAME = "$(TARGET_NAME)";
				WRAPPER_EXTENSION = app;
			};
			name = Debug;
		};
		66C9283919A830C100C744D2 /* Release */ = {
			isa = XCBuildConfiguration;
			buildSettings = {
				ASSETCATALOG_COMPILER_APPICON_NAME = AppIcon;
				ASSETCATALOG_COMPILER_LAUNCHIMAGE_NAME = LaunchImage;
				GCC_PRECOMPILE_PREFIX_HEADER = YES;
				GCC_PREFIX_HEADER = "WebViewTest/WebViewTest-Prefix.pch";
				INFOPLIST_FILE = "WebViewTest/WebViewTest-Info.plist";
				PRODUCT_NAME = "$(TARGET_NAME)";
				WRAPPER_EXTENSION = app;
			};
			name = Release;
		};
/* End XCBuildConfiguration section */

/* Begin XCConfigurationList section */
		66C9280619A830C000C744D2 /* Build configuration list for PBXProject "WebViewTest" */ = {
			isa = XCConfigurationList;
			buildConfigurations = (
				66C9283519A830C100C744D2 /* Debug */,
				66C9283619A830C100C744D2 /* Release */,
			);
			defaultConfigurationIsVisible = 0;
			defaultConfigurationName = Release;
		};
		66C9283719A830C100C744D2 /* Build configuration list for PBXNativeTarget "WebViewTest" */ = {
			isa = XCConfigurationList;
			buildConfigurations = (
				66C9283819A830C100C744D2 /* Debug */,
				66C9283919A830C100C744D2 /* Release */,
			);
			defaultConfigurationIsVisible = 0;
			defaultConfigurationName = Release;
		};
/* End XCConfigurationList section */
	};
	rootObject = 66C9280319A830C000C744D2 /* Project object */;
}
